
Microsoft Visual Studio Solution File, Format Version 12.00
# Visual Studio Version 16
VisualStudioVersion = 16.0.30907.101
MinimumVisualStudioVersion = 10.0.40219.1
Project("{9A19103F-16F7-4668-BE54-9A1E7A4F7556}") = "VOD.UI", "VOD.UI\VOD.UI.csproj", "{91390365-5EF6-4AA6-98C3-5C9940C0DB04}"
EndProject
Project("{9A19103F-16F7-4668-BE54-9A1E7A4F7556}") = "VOD.Database", "VOD.Database\VOD.Database.csproj", "{84040376-6AA9-4931-A63C-E418A985CE69}"
EndProject
Project("{9A19103F-16F7-4668-BE54-9A1E7A4F7556}") = "VOD.Common", "VOD.Common\VOD.Common.csproj", "{BD7890F0-1018-45D1-902A-F01E7B69D6A8}"
EndProject
Project("{FAE04EC0-301F-11D3-BF4B-00C04F79EFBC}") = "VOD.API", "VOD.API\VOD.API.csproj", "{E077236E-9BD0-40FC-BC35-EA84762C8810}"
EndProject
Global
	GlobalSection(SolutionConfigurationPlatforms) = preSolution
		Debug|Any CPU = Debug|Any CPU
		Release|Any CPU = Release|Any CPU
	EndGlobalSection
	GlobalSection(ProjectConfigurationPlatforms) = postSolution
		{91390365-5EF6-4AA6-98C3-5C9940C0DB04}.Debug|Any CPU.ActiveCfg = Debug|Any CPU
		{91390365-5EF6-4AA6-98C3-5C9940C0DB04}.Debug|Any CPU.Build.0 = Debug|Any CPU
		{91390365-5EF6-4AA6-98C3-5C9940C0DB04}.Release|Any CPU.ActiveCfg = Release|Any CPU
		{91390365-5EF6-4AA6-98C3-5C9940C0DB04}.Release|Any CPU.Build.0 = Release|Any CPU
		{84040376-6AA9-4931-A63C-E418A985CE69}.Debug|Any CPU.ActiveCfg = Debug|Any CPU
		{84040376-6AA9-4931-A63C-E418A985CE69}.Debug|Any CPU.Build.0 = Debug|Any CPU
		{84040376-6AA9-4931-A63C-E418A985CE69}.Release|Any CPU.ActiveCfg = Release|Any CPU
		{84040376-6AA9-4931-A63C-E418A985CE69}.Release|Any CPU.Build.0 = Release|Any CPU
		{BD7890F0-1018-45D1-902A-F01E7B69D6A8}.Debug|Any CPU.ActiveCfg = Debug|Any CPU
		{BD7890F0-1018-45D1-902A-F01E7B69D6A8}.Debug|Any CPU.Build.0 = Debug|Any CPU
		{BD7890F0-1018-45D1-902A-F01E7B69D6A8}.Release|Any CPU.ActiveCfg = Release|Any CPU
		{BD7890F0-1018-45D1-902A-F01E7B69D6A8}.Release|Any CPU.Build.0 = Release|Any CPU
		{E077236E-9BD0-40FC-BC35-EA84762C8810}.Debug|Any CPU.ActiveCfg = Debug|Any CPU
		{E077236E-9BD0-40FC-BC35-EA84762C8810}.Debug|Any CPU.Build.0 = Debug|Any CPU
		{E077236E-9BD0-40FC-BC35-EA84762C8810}.Release|Any CPU.ActiveCfg = Release|Any CPU
		{E077236E-9BD0-40FC-BC35-EA84762C8810}.Release|Any CPU.Build.0 = Release|Any CPU
	EndGlobalSection
	GlobalSection(SolutionProperties) = preSolution
		HideSolutionNode = FALSE
	EndGlobalSection
	GlobalSection(ExtensibilityGlobals) = postSolution
		SolutionGuid = {21C33D25-4B2A-4082-9AF2-D95CF62A2C1E}
	EndGlobalSection
EndGlobal
